
Microsoft Visual Studio Solution File, Format Version 12.00
# Visual Studio Version 16
VisualStudioVersion = 16.0.29806.167
MinimumVisualStudioVersion = 10.0.40219.1
Project("{FAE04EC0-301F-11D3-BF4B-00C04F79EFBC}") = "VirtualLiveStudio-Server", "VirtualLiveStudio-Server\VirtualLiveStudio-Server.csproj", "{10F19056-C0A9-4ABD-8792-038F30A083AD}"
EndProject
Global
	GlobalSection(SolutionConfigurationPlatforms) = preSolution
		Debug|Any CPU = Debug|Any CPU
		Release|Any CPU = Release|Any CPU
	EndGlobalSection
	GlobalSection(ProjectConfigurationPlatforms) = postSolution
		{10F19056-C0A9-4ABD-8792-038F30A083AD}.Debug|Any CPU.ActiveCfg = Debug|Any CPU
		{10F19056-C0A9-4ABD-8792-038F30A083AD}.Debug|Any CPU.Build.0 = Debug|Any CPU
		{10F19056-C0A9-4ABD-8792-038F30A083AD}.Release|Any CPU.ActiveCfg = Release|Any CPU
		{10F19056-C0A9-4ABD-8792-038F30A083AD}.Release|Any CPU.Build.0 = Release|Any CPU
	EndGlobalSection
	GlobalSection(SolutionProperties) = preSolution
		HideSolutionNode = FALSE
	EndGlobalSection
	GlobalSection(ExtensibilityGlobals) = postSolution
		SolutionGuid = {F7585D40-F2E9-49AB-B621-777C00C46352}
	EndGlobalSection
EndGlobal
